{
    "_meta": {
        "hash": {
            "sha256": "79c1c3f90c3217209ae0ba5029c7a4d558691e7ea0a907e89ec197c7a26c4b2f"
        },
        "pipfile-spec": 6,
        "requires": {
            "python_version": "3.10"
        },
        "sources": [
            {
                "name": "pypi",
                "url": "https://pypi.org/simple",
                "verify_ssl": true
            }
        ]
    },
    "default": {
        "progress": {
            "hashes": [
                "sha256:c9c86e98b5c03fa1fe11e3b67c1feda4788b8d0fe7336c2ff7d5644ccfba34cd"
            ],
            "index": "pypi",
            "version": "==1.6"
        }
    },
    "develop": {}
}
